
Microsoft Visual Studio Solution File, Format Version 12.00
# Visual Studio Version 16
VisualStudioVersion = 16.0.30413.136
MinimumVisualStudioVersion = 10.0.40219.1
Project("{FAE04EC0-301F-11D3-BF4B-00C04F79EFBC}") = "DataAbstractions.DapperParameters", "DataAbstractions.DapperParameters\DataAbstractions.DapperParameters.csproj", "{90321E59-A288-4485-A3E3-D7B60B759F89}"
EndProject
Global
	GlobalSection(SolutionConfigurationPlatforms) = preSolution
		Debug|Any CPU = Debug|Any CPU
		Release|Any CPU = Release|Any CPU
	EndGlobalSection
	GlobalSection(ProjectConfigurationPlatforms) = postSolution
		{90321E59-A288-4485-A3E3-D7B60B759F89}.Debug|Any CPU.ActiveCfg = Debug|Any CPU
		{90321E59-A288-4485-A3E3-D7B60B759F89}.Debug|Any CPU.Build.0 = Debug|Any CPU
		{90321E59-A288-4485-A3E3-D7B60B759F89}.Release|Any CPU.ActiveCfg = Release|Any CPU
		{90321E59-A288-4485-A3E3-D7B60B759F89}.Release|Any CPU.Build.0 = Release|Any CPU
	EndGlobalSection
	GlobalSection(SolutionProperties) = preSolution
		HideSolutionNode = FALSE
	EndGlobalSection
	GlobalSection(ExtensibilityGlobals) = postSolution
		SolutionGuid = {3FAED17F-5BFB-4AF7-89DE-6FC3EE8FD172}
	EndGlobalSection
EndGlobal
