
Microsoft Visual Studio Solution File, Format Version 12.00
# Visual Studio Version 16
VisualStudioVersion = 16.0.30413.136
MinimumVisualStudioVersion = 10.0.40219.1
Project("{FAE04EC0-301F-11D3-BF4B-00C04F79EFBC}") = "DataAbstractions.DapperParameters.Tests", "tests\DataAbstractions.DapperParameters.Tests\DataAbstractions.DapperParameters.Tests.csproj", "{C670C1DA-91F9-4144-BB46-F12486582B84}"
EndProject
Project("{9A19103F-16F7-4668-BE54-9A1E7A4F7556}") = "DataAbstractions.DapperParameters", "src\DataAbstractions.DapperParameters\DataAbstractions.DapperParameters.csproj", "{1ACCCFCC-873A-4FBA-B28D-CD4117046210}"
EndProject
Global
	GlobalSection(SolutionConfigurationPlatforms) = preSolution
		Debug|Any CPU = Debug|Any CPU
		Release|Any CPU = Release|Any CPU
	EndGlobalSection
	GlobalSection(ProjectConfigurationPlatforms) = postSolution
		{C670C1DA-91F9-4144-BB46-F12486582B84}.Debug|Any CPU.ActiveCfg = Debug|Any CPU
		{C670C1DA-91F9-4144-BB46-F12486582B84}.Debug|Any CPU.Build.0 = Debug|Any CPU
		{C670C1DA-91F9-4144-BB46-F12486582B84}.Release|Any CPU.ActiveCfg = Release|Any CPU
		{C670C1DA-91F9-4144-BB46-F12486582B84}.Release|Any CPU.Build.0 = Release|Any CPU
		{1ACCCFCC-873A-4FBA-B28D-CD4117046210}.Debug|Any CPU.ActiveCfg = Debug|Any CPU
		{1ACCCFCC-873A-4FBA-B28D-CD4117046210}.Debug|Any CPU.Build.0 = Debug|Any CPU
		{1ACCCFCC-873A-4FBA-B28D-CD4117046210}.Release|Any CPU.ActiveCfg = Release|Any CPU
		{1ACCCFCC-873A-4FBA-B28D-CD4117046210}.Release|Any CPU.Build.0 = Release|Any CPU
	EndGlobalSection
	GlobalSection(SolutionProperties) = preSolution
		HideSolutionNode = FALSE
	EndGlobalSection
	GlobalSection(ExtensibilityGlobals) = postSolution
		SolutionGuid = {3FAED17F-5BFB-4AF7-89DE-6FC3EE8FD172}
	EndGlobalSection
EndGlobal
